
Microsoft Visual Studio Solution File, Format Version 12.00
# Visual Studio 14
VisualStudioVersion = 14.0.22310.1
MinimumVisualStudioVersion = 10.0.40219.1
Project("{FAE04EC0-301F-11D3-BF4B-00C04F79EFBC}") = "AbstractConstructor", "AbstractConstructor\AbstractConstructor\AbstractConstructor.csproj", "{B5DF700D-2037-4DE0-B8C0-53FF545C95F4}"
EndProject
Project("{2150E333-8FDC-42A3-9474-1A3956D46DE8}") = ".nuget", ".nuget", "{DB9F05D5-E581-470F-A995-B922C681EFD6}"
	ProjectSection(SolutionItems) = preProject
		.nuget\packages.config = .nuget\packages.config
	EndProjectSection
EndProject
Project("{FAE04EC0-301F-11D3-BF4B-00C04F79EFBC}") = "AbstractConstructor.Test", "AbstractConstructor\AbstractConstructor.Test\AbstractConstructor.Test.csproj", "{FCD0F8FA-AF51-4DEF-A415-D993CCEDAC85}"
EndProject
Project("{FAE04EC0-301F-11D3-BF4B-00C04F79EFBC}") = "AbstractConstructor.Vsix", "AbstractConstructor\AbstractConstructor.Vsix\AbstractConstructor.Vsix.csproj", "{1EE28F07-3600-4A36-8AAF-B43EAB2B5DEE}"
EndProject
Global
	GlobalSection(SolutionConfigurationPlatforms) = preSolution
		Debug|Any CPU = Debug|Any CPU
		Release|Any CPU = Release|Any CPU
	EndGlobalSection
	GlobalSection(ProjectConfigurationPlatforms) = postSolution
		{B5DF700D-2037-4DE0-B8C0-53FF545C95F4}.Debug|Any CPU.ActiveCfg = Debug|Any CPU
		{B5DF700D-2037-4DE0-B8C0-53FF545C95F4}.Debug|Any CPU.Build.0 = Debug|Any CPU
		{B5DF700D-2037-4DE0-B8C0-53FF545C95F4}.Release|Any CPU.ActiveCfg = Release|Any CPU
		{B5DF700D-2037-4DE0-B8C0-53FF545C95F4}.Release|Any CPU.Build.0 = Release|Any CPU
		{FCD0F8FA-AF51-4DEF-A415-D993CCEDAC85}.Debug|Any CPU.ActiveCfg = Debug|Any CPU
		{FCD0F8FA-AF51-4DEF-A415-D993CCEDAC85}.Debug|Any CPU.Build.0 = Debug|Any CPU
		{FCD0F8FA-AF51-4DEF-A415-D993CCEDAC85}.Release|Any CPU.ActiveCfg = Release|Any CPU
		{FCD0F8FA-AF51-4DEF-A415-D993CCEDAC85}.Release|Any CPU.Build.0 = Release|Any CPU
		{1EE28F07-3600-4A36-8AAF-B43EAB2B5DEE}.Debug|Any CPU.ActiveCfg = Debug|Any CPU
		{1EE28F07-3600-4A36-8AAF-B43EAB2B5DEE}.Debug|Any CPU.Build.0 = Debug|Any CPU
		{1EE28F07-3600-4A36-8AAF-B43EAB2B5DEE}.Release|Any CPU.ActiveCfg = Release|Any CPU
		{1EE28F07-3600-4A36-8AAF-B43EAB2B5DEE}.Release|Any CPU.Build.0 = Release|Any CPU
	EndGlobalSection
	GlobalSection(SolutionProperties) = preSolution
		HideSolutionNode = FALSE
	EndGlobalSection
EndGlobal
